{
  "name": "01-basic",
  "version": "1.0.0",
  "lockfileVersion": 1,
  "requires": true,
  "dependencies": {
    "@endorphinjs/css-module": {
      "version": "0.5.0",
      "resolved": "https://registry.npmjs.org/@endorphinjs/css-module/-/css-module-0.5.0.tgz",
      "integrity": "sha512-nw67rZM8F+XF8B9NzG6blIqsy4kVhXLoeIOx0JOaz99fjeY3J7qIc+iECCsEjAow0t1gSmsle2AZ3OFKVEK/HQ==",
      "dev": true,
      "requires": {
        "css-tree": "^1.0.0-alpha.29"
      }
    },
    "@endorphinjs/rollup-plugin-endorphin": {
      "version": "0.3.0",
      "resolved": "https://registry.npmjs.org/@endorphinjs/rollup-plugin-endorphin/-/rollup-plugin-endorphin-0.3.0.tgz",
      "integrity": "sha512-/d+TeyG4Z5N5hW4ui6VsGwrpchP4JcIIpQc/VuzPxzFAJ6FFujuHxd3eXubRsN09pcVtsyfdUpFMUErxPeA7SA==",
      "dev": true,
      "requires": {
        "mkdirp": "^0.5.1",
        "rollup-pluginutils": "^2.6.0",
        "source-map": "^0.7.3"
      }
    },
    "@endorphinjs/template-compiler": {
      "version": "0.5.2",
      "resolved": "https://registry.npmjs.org/@endorphinjs/template-compiler/-/template-compiler-0.5.2.tgz",
      "integrity": "sha512-cxmVI81keDg4O9lu+o/jKunkbdE2XzQ8o2nzgBUwGsIJJZdeXWJe0Hd+qYRNmCRfiRg3+C815XUkLZDqPnUvxg==",
      "dev": true,
      "requires": {
        "@endorphinjs/template-parser": "^0.5.0",
        "entities": "^1.1.2",
        "source-map": "^0.7.3"
      }
    },
    "@endorphinjs/template-parser": {
      "version": "0.5.0",
      "resolved": "https://registry.npmjs.org/@endorphinjs/template-parser/-/template-parser-0.5.0.tgz",
      "integrity": "sha512-E4deeWliYvZLAbcW+b1padjSE+eRpWsiVbfJ5iYvKJkXWQZeCjyUeRzbN9OiBjyHbki94KBkJij/jBYXj/Q9mw==",
      "dev": true,
      "requires": {
        "acorn": "^6.1.1",
        "acorn-walk": "^6.1.1"
      }
    },
    "@types/estree": {
      "version": "0.0.39",
      "resolved": "https://registry.npmjs.org/@types/estree/-/estree-0.0.39.tgz",
      "integrity": "sha512-EYNwp3bU+98cpU4lAWYYL7Zz+2gryWH1qbdDTidVd6hkiR6weksdbMadyXKXNPEkQFhXM+hVO9ZygomHXp+AIw==",
      "dev": true
    },
    "@types/node": {
      "version": "12.6.8",
      "resolved": "https://registry.npmjs.org/@types/node/-/node-12.6.8.tgz",
      "integrity": "sha512-aX+gFgA5GHcDi89KG5keey2zf0WfZk/HAQotEamsK2kbey+8yGKcson0hbK8E+v0NArlCJQCqMP161YhV6ZXLg==",
      "dev": true
    },
    "@types/resolve": {
      "version": "0.0.8",
      "resolved": "https://registry.npmjs.org/@types/resolve/-/resolve-0.0.8.tgz",
      "integrity": "sha512-auApPaJf3NPfe18hSoJkp8EbZzer2ISk7o8mCC3M9he/a04+gbMF97NkpD2S8riMGvm4BMRI59/SZQSaLTKpsQ==",
      "dev": true,
      "requires": {
        "@types/node": "*"
      }
    },
    "acorn": {
      "version": "6.4.2",
      "resolved": "https://registry.npmjs.org/acorn/-/acorn-6.4.2.tgz",
      "integrity": "sha512-XtGIhXwF8YM8bJhGxG5kXgjkEuNGLTkoYqVE+KMR+aspr4KGYmKYg7yUe3KghyQ9yheNwLnjmzh/7+gfDBmHCQ==",
      "dev": true
    },
    "acorn-walk": {
      "version": "6.2.0",
      "resolved": "https://registry.npmjs.org/acorn-walk/-/acorn-walk-6.2.0.tgz",
      "integrity": "sha512-7evsyfH1cLOCdAzZAd43Cic04yKydNx0cF+7tiA19p1XnLLPU4dpCQOqpjqwokFe//vS0QqfqqjCS2JkiIs0cA==",
      "dev": true
    },
    "builtin-modules": {
      "version": "3.1.0",
      "resolved": "https://registry.npmjs.org/builtin-modules/-/builtin-modules-3.1.0.tgz",
      "integrity": "sha512-k0KL0aWZuBt2lrxrcASWDfwOLMnodeQjodT/1SxEQAXsHANgo6ZC/VEaSEHCXt7aSTZ4/4H5LKa+tBXmW7Vtvw==",
      "dev": true
    },
    "css-tree": {
      "version": "1.0.0-alpha.33",
      "resolved": "https://registry.npmjs.org/css-tree/-/css-tree-1.0.0-alpha.33.tgz",
      "integrity": "sha512-SPt57bh5nQnpsTBsx/IXbO14sRc9xXu5MtMAVuo0BaQQmyf0NupNPPSoMaqiAF5tDFafYsTkfeH4Q/HCKXkg4w==",
      "dev": true,
      "requires": {
        "mdn-data": "2.0.4",
        "source-map": "^0.5.3"
      },
      "dependencies": {
        "source-map": {
          "version": "0.5.7",
          "resolved": "https://registry.npmjs.org/source-map/-/source-map-0.5.7.tgz",
          "integrity": "sha1-igOdLRAh0i0eoUyA2OpGi6LvP8w=",
          "dev": true
        }
      }
    },
    "endorphin": {
      "version": "0.5.2",
      "resolved": "https://registry.npmjs.org/endorphin/-/endorphin-0.5.2.tgz",
      "integrity": "sha512-HxWavOCAyi8GRuqxDH0XwB4qCA+3V+sRkxUHh2hC22FfQPNkrDkZK12xERq2jKaBBv+N+yxhvBWgnty7B/X3MA==",
      "dev": true,
      "requires": {
        "@endorphinjs/css-module": "^0.5.0",
        "@endorphinjs/template-compiler": "^0.5.2",
        "source-map": "^0.7.3"
      }
    },
    "entities": {
      "version": "1.1.2",
      "resolved": "https://registry.npmjs.org/entities/-/entities-1.1.2.tgz",
      "integrity": "sha512-f2LZMYl1Fzu7YSBKg+RoROelpOaNrcGmE9AZubeDfrCEia483oW4MI4VyFd5VNHIgQ/7qm1I0wUHK1eJnn2y2w==",
      "dev": true
    },
    "estree-walker": {
      "version": "0.6.1",
      "resolved": "https://registry.npmjs.org/estree-walker/-/estree-walker-0.6.1.tgz",
      "integrity": "sha512-SqmZANLWS0mnatqbSfRP5g8OXZC12Fgg1IwNtLsyHDzJizORW4khDfjPqJZsemPWBB2uqykUah5YpQ6epsqC/w==",
      "dev": true
    },
    "is-module": {
      "version": "1.0.0",
      "resolved": "https://registry.npmjs.org/is-module/-/is-module-1.0.0.tgz",
      "integrity": "sha1-Mlj7afeMFNW4FdZkM2tM/7ZEFZE=",
      "dev": true
    },
    "mdn-data": {
      "version": "2.0.4",
      "resolved": "https://registry.npmjs.org/mdn-data/-/mdn-data-2.0.4.tgz",
      "integrity": "sha512-iV3XNKw06j5Q7mi6h+9vbx23Tv7JkjEVgKHW4pimwyDGWm0OIQntJJ+u1C6mg6mK1EaTv42XQ7w76yuzH7M2cA==",
      "dev": true
    },
    "minimist": {
      "version": "0.0.8",
      "resolved": "https://registry.npmjs.org/minimist/-/minimist-0.0.8.tgz",
      "integrity": "sha1-hX/Kv8M5fSYluCKCYuhqp6ARsF0=",
      "dev": true
    },
    "mkdirp": {
      "version": "0.5.1",
      "resolved": "https://registry.npmjs.org/mkdirp/-/mkdirp-0.5.1.tgz",
      "integrity": "sha1-MAV0OOrGz3+MR2fzhkjWaX11yQM=",
      "dev": true,
      "requires": {
        "minimist": "0.0.8"
      }
    },
    "path-parse": {
      "version": "1.0.6",
      "resolved": "https://registry.npmjs.org/path-parse/-/path-parse-1.0.6.tgz",
      "integrity": "sha512-GSmOT2EbHrINBf9SR7CDELwlJ8AENk3Qn7OikK4nFYAu3Ote2+JYNVvkpAEQm3/TLNEJFD/xZJjzyxg3KBWOzw==",
      "dev": true
    },
    "resolve": {
      "version": "1.11.1",
      "resolved": "https://registry.npmjs.org/resolve/-/resolve-1.11.1.tgz",
      "integrity": "sha512-vIpgF6wfuJOZI7KKKSP+HmiKggadPQAdsp5HiC1mvqnfp0gF1vdwgBWZIdrVft9pgqoMFQN+R7BSWZiBxx+BBw==",
      "dev": true,
      "requires": {
        "path-parse": "^1.0.6"
      }
    },
    "rollup": {
      "version": "1.17.0",
      "resolved": "https://registry.npmjs.org/rollup/-/rollup-1.17.0.tgz",
      "integrity": "sha512-k/j1m0NIsI4SYgCJR4MWPstGJOWfJyd6gycKoMhyoKPVXxm+L49XtbUwZyFsrSU2YXsOkM4u1ll9CS/ZgJBUpw==",
      "dev": true,
      "requires": {
        "@types/estree": "0.0.39",
        "@types/node": "^12.6.2",
        "acorn": "^6.2.0"
      }
    },
    "rollup-plugin-node-resolve": {
      "version": "5.2.0",
      "resolved": "https://registry.npmjs.org/rollup-plugin-node-resolve/-/rollup-plugin-node-resolve-5.2.0.tgz",
      "integrity": "sha512-jUlyaDXts7TW2CqQ4GaO5VJ4PwwaV8VUGA7+km3n6k6xtOEacf61u0VXwN80phY/evMcaS+9eIeJ9MOyDxt5Zw==",
      "dev": true,
      "requires": {
        "@types/resolve": "0.0.8",
        "builtin-modules": "^3.1.0",
        "is-module": "^1.0.0",
        "resolve": "^1.11.1",
        "rollup-pluginutils": "^2.8.1"
      }
    },
    "rollup-pluginutils": {
      "version": "2.8.1",
      "resolved": "https://registry.npmjs.org/rollup-pluginutils/-/rollup-pluginutils-2.8.1.tgz",
      "integrity": "sha512-J5oAoysWar6GuZo0s+3bZ6sVZAC0pfqKz68De7ZgDi5z63jOVZn1uJL/+z1jeKHNbGII8kAyHF5q8LnxSX5lQg==",
      "dev": true,
      "requires": {
        "estree-walker": "^0.6.1"
      }
    },
    "source-map": {
      "version": "0.7.3",
      "resolved": "https://registry.npmjs.org/source-map/-/source-map-0.7.3.tgz",
      "integrity": "sha512-CkCj6giN3S+n9qrYiBTX5gystlENnRW5jZeNLHpe6aue+SrHcG5VYwujhW9s4dY31mEGsxBDrHR6oI69fTXsaQ==",
      "dev": true
    }
  }
}
